
Microsoft Visual Studio Solution File, Format Version 12.00
# Visual Studio Version 16
VisualStudioVersion = 16.0.31529.145
MinimumVisualStudioVersion = 10.0.40219.1
Project("{9A19103F-16F7-4668-BE54-9A1E7A4F7556}") = "dotNetCoreWithReact", "dotNetCoreWithReact\dotNetCoreWithReact.csproj", "{96AA80EA-72DD-4F68-B0FD-D69537BC6F29}"
EndProject
Project("{FAE04EC0-301F-11D3-BF4B-00C04F79EFBC}") = "Infra", "Authentication\Infra.csproj", "{83CEAAB1-D822-420B-99BB-38A61DC00A7A}"
EndProject
Global
	GlobalSection(SolutionConfigurationPlatforms) = preSolution
		Debug|Any CPU = Debug|Any CPU
		Release|Any CPU = Release|Any CPU
	EndGlobalSection
	GlobalSection(ProjectConfigurationPlatforms) = postSolution
		{96AA80EA-72DD-4F68-B0FD-D69537BC6F29}.Debug|Any CPU.ActiveCfg = Debug|Any CPU
		{96AA80EA-72DD-4F68-B0FD-D69537BC6F29}.Debug|Any CPU.Build.0 = Debug|Any CPU
		{96AA80EA-72DD-4F68-B0FD-D69537BC6F29}.Release|Any CPU.ActiveCfg = Release|Any CPU
		{96AA80EA-72DD-4F68-B0FD-D69537BC6F29}.Release|Any CPU.Build.0 = Release|Any CPU
		{83CEAAB1-D822-420B-99BB-38A61DC00A7A}.Debug|Any CPU.ActiveCfg = Debug|Any CPU
		{83CEAAB1-D822-420B-99BB-38A61DC00A7A}.Debug|Any CPU.Build.0 = Debug|Any CPU
		{83CEAAB1-D822-420B-99BB-38A61DC00A7A}.Release|Any CPU.ActiveCfg = Release|Any CPU
		{83CEAAB1-D822-420B-99BB-38A61DC00A7A}.Release|Any CPU.Build.0 = Release|Any CPU
	EndGlobalSection
	GlobalSection(SolutionProperties) = preSolution
		HideSolutionNode = FALSE
	EndGlobalSection
	GlobalSection(ExtensibilityGlobals) = postSolution
		SolutionGuid = {800C891D-4B61-448F-9ADB-5A4401CAF3B4}
	EndGlobalSection
EndGlobal
